
Microsoft Visual Studio Solution File, Format Version 12.00
# Visual Studio Version 16
VisualStudioVersion = 16.0.31112.23
MinimumVisualStudioVersion = 10.0.40219.1
Project("{9A19103F-16F7-4668-BE54-9A1E7A4F7556}") = "KyuWIN", "..\KyuWIN\KyuWIN.csproj", "{BCAA3FE6-E403-49E0-8F3E-4450437AEA7E}"
EndProject
Project("{9A19103F-16F7-4668-BE54-9A1E7A4F7556}") = "Resx", "..\Resx\Resx.csproj", "{9144DC25-1246-435E-B307-126939D09D02}"
EndProject
Project("{9A19103F-16F7-4668-BE54-9A1E7A4F7556}") = "KyuBase", "..\KyuBase\KyuBase.csproj", "{2873EB42-EE9C-4DA1-BF06-5F84D4368391}"
EndProject
Project("{FAE04EC0-301F-11D3-BF4B-00C04F79EFBC}") = "WinTest", "WinTest.csproj", "{BDC5AA50-F414-4FB5-834E-B34CA2DBC12F}"
EndProject
Global
	GlobalSection(SolutionConfigurationPlatforms) = preSolution
		Debug|Any CPU = Debug|Any CPU
		Release|Any CPU = Release|Any CPU
	EndGlobalSection
	GlobalSection(ProjectConfigurationPlatforms) = postSolution
		{BCAA3FE6-E403-49E0-8F3E-4450437AEA7E}.Debug|Any CPU.ActiveCfg = Debug|Any CPU
		{BCAA3FE6-E403-49E0-8F3E-4450437AEA7E}.Debug|Any CPU.Build.0 = Debug|Any CPU
		{BCAA3FE6-E403-49E0-8F3E-4450437AEA7E}.Release|Any CPU.ActiveCfg = Release|Any CPU
		{BCAA3FE6-E403-49E0-8F3E-4450437AEA7E}.Release|Any CPU.Build.0 = Release|Any CPU
		{9144DC25-1246-435E-B307-126939D09D02}.Debug|Any CPU.ActiveCfg = Debug|Any CPU
		{9144DC25-1246-435E-B307-126939D09D02}.Debug|Any CPU.Build.0 = Debug|Any CPU
		{9144DC25-1246-435E-B307-126939D09D02}.Release|Any CPU.ActiveCfg = Release|Any CPU
		{9144DC25-1246-435E-B307-126939D09D02}.Release|Any CPU.Build.0 = Release|Any CPU
		{2873EB42-EE9C-4DA1-BF06-5F84D4368391}.Debug|Any CPU.ActiveCfg = Debug|Any CPU
		{2873EB42-EE9C-4DA1-BF06-5F84D4368391}.Debug|Any CPU.Build.0 = Debug|Any CPU
		{2873EB42-EE9C-4DA1-BF06-5F84D4368391}.Release|Any CPU.ActiveCfg = Release|Any CPU
		{2873EB42-EE9C-4DA1-BF06-5F84D4368391}.Release|Any CPU.Build.0 = Release|Any CPU
		{BDC5AA50-F414-4FB5-834E-B34CA2DBC12F}.Debug|Any CPU.ActiveCfg = Debug|Any CPU
		{BDC5AA50-F414-4FB5-834E-B34CA2DBC12F}.Debug|Any CPU.Build.0 = Debug|Any CPU
		{BDC5AA50-F414-4FB5-834E-B34CA2DBC12F}.Release|Any CPU.ActiveCfg = Release|Any CPU
		{BDC5AA50-F414-4FB5-834E-B34CA2DBC12F}.Release|Any CPU.Build.0 = Release|Any CPU
	EndGlobalSection
	GlobalSection(SolutionProperties) = preSolution
		HideSolutionNode = FALSE
	EndGlobalSection
	GlobalSection(ExtensibilityGlobals) = postSolution
		SolutionGuid = {4326DE9B-233A-42C0-B694-1EEFB302B153}
	EndGlobalSection
EndGlobal
